
Microsoft Visual Studio Solution File, Format Version 12.00
# Visual Studio Version 16
VisualStudioVersion = 16.0.29215.179
MinimumVisualStudioVersion = 10.0.40219.1
Project("{FAE04EC0-301F-11D3-BF4B-00C04F79EFBC}") = "MethodsPractice", "MethodsPractice\MethodsPractice.csproj", "{CC4DD556-EF99-4C26-B281-C2326703B925}"
EndProject
Global
	GlobalSection(SolutionConfigurationPlatforms) = preSolution
		Debug|Any CPU = Debug|Any CPU
		Release|Any CPU = Release|Any CPU
	EndGlobalSection
	GlobalSection(ProjectConfigurationPlatforms) = postSolution
		{CC4DD556-EF99-4C26-B281-C2326703B925}.Debug|Any CPU.ActiveCfg = Debug|Any CPU
		{CC4DD556-EF99-4C26-B281-C2326703B925}.Debug|Any CPU.Build.0 = Debug|Any CPU
		{CC4DD556-EF99-4C26-B281-C2326703B925}.Release|Any CPU.ActiveCfg = Release|Any CPU
		{CC4DD556-EF99-4C26-B281-C2326703B925}.Release|Any CPU.Build.0 = Release|Any CPU
	EndGlobalSection
	GlobalSection(SolutionProperties) = preSolution
		HideSolutionNode = FALSE
	EndGlobalSection
	GlobalSection(ExtensibilityGlobals) = postSolution
		SolutionGuid = {17D1F86D-8DA5-456E-9829-83F46EA1EB13}
	EndGlobalSection
EndGlobal
